Microsoft Visual Studio Solution File, Format Version 12.00
# Visual Studio Version 17
VisualStudioVersion = 17.5.2.0
MinimumVisualStudioVersion = 10.0.40219.1
Project("{FAE04EC0-301F-11D3-BF4B-00C04F79EFBC}") = "HelloWorld", "3D-shop\HelloWorld.csproj", "{FF91B939-F13B-00C7-9A1D-D6BEAD6D11F9}"
EndProject
Global
	GlobalSection(SolutionConfigurationPlatforms) = preSolution
		Debug|Any CPU = Debug|Any CPU
		Release|Any CPU = Release|Any CPU
	EndGlobalSection
	GlobalSection(ProjectConfigurationPlatforms) = postSolution
		{FF91B939-F13B-00C7-9A1D-D6BEAD6D11F9}.Debug|Any CPU.ActiveCfg = Debug|Any CPU
		{FF91B939-F13B-00C7-9A1D-D6BEAD6D11F9}.Debug|Any CPU.Build.0 = Debug|Any CPU
		{FF91B939-F13B-00C7-9A1D-D6BEAD6D11F9}.Release|Any CPU.ActiveCfg = Release|Any CPU
		{FF91B939-F13B-00C7-9A1D-D6BEAD6D11F9}.Release|Any CPU.Build.0 = Release|Any CPU
	EndGlobalSection
	GlobalSection(SolutionProperties) = preSolution
		HideSolutionNode = FALSE
	EndGlobalSection
	GlobalSection(ExtensibilityGlobals) = postSolution
		SolutionGuid = {77F021E4-B94A-458C-8933-9E542A9457D3}
	EndGlobalSection
EndGlobal
